// !$*UTF8*$!
{
	archiveVersion = 1;
	classes = {
	};
	objectVersion = 56;
	objects = {

/* Begin PBXBuildFile section */
		DBCBA9582BBFEDB1006B40CA /* AppDelegate.swift in Sources */ = {isa = PBXBuildFile; fileRef = DBCBA9572BBFEDB1006B40CA /* AppDelegate.swift */; };
		DBCBA95A2BBFEDB1006B40CA /* SceneDelegate.swift in Sources */ = {isa = PBXBuildFile; fileRef = DBCBA9592BBFEDB1006B40CA /* SceneDelegate.swift */; };
		DBCBA95C2BBFEDB1006B40CA /* ViewController.swift in Sources */ = {isa = PBXBuildFile; fileRef = DBCBA95B2BBFEDB1006B40CA /* ViewController.swift */; };
		DBCBA9612BBFEDB2006B40CA /* Assets.xcassets in Resources */ = {isa = PBXBuildFile; fileRef = DBCBA9602BBFEDB2006B40CA /* Assets.xcassets */; };
		DBCBA9642BBFEDB2006B40CA /* Base in Resources */ = {isa = PBXBuildFile; fileRef = DBCBA9632BBFEDB2006B40CA /* Base */; };
		DBCBA9752BBFEE4B006B40CA /* iTunesSearchRouter.swift in Sources */ = {isa = PBXBuildFile; fileRef = DBCBA9742BBFEE4B006B40CA /* iTunesSearchRouter.swift */; };
		DBCBA9772BBFEE69006B40CA /* .gitignore in Resources */ = {isa = PBXBuildFile; fileRef = DBCBA9762BBFEE69006B40CA /* .gitignore */; };
		DBCBA97A2BBFEEDA006B40CA /* SnapKit in Frameworks */ = {isa = PBXBuildFile; productRef = DBCBA9792BBFEEDA006B40CA /* SnapKit */; };
		DBCBA97D2BBFEEEB006B40CA /* Then in Frameworks */ = {isa = PBXBuildFile; productRef = DBCBA97C2BBFEEEB006B40CA /* Then */; };
		DBCBA9802BBFEF2D006B40CA /* Realm in Frameworks */ = {isa = PBXBuildFile; productRef = DBCBA97F2BBFEF2D006B40CA /* Realm */; };
		DBCBA9822BBFEF2D006B40CA /* RealmSwift in Frameworks */ = {isa = PBXBuildFile; productRef = DBCBA9812BBFEF2D006B40CA /* RealmSwift */; };
		DBCBA9852BBFEF42006B40CA /* RxCocoa in Frameworks */ = {isa = PBXBuildFile; productRef = DBCBA9842BBFEF42006B40CA /* RxCocoa */; };
		DBCBA9872BBFEF42006B40CA /* RxSwift in Frameworks */ = {isa = PBXBuildFile; productRef = DBCBA9862BBFEF42006B40CA /* RxSwift */; };
		DBCBA98A2BBFF176006B40CA /* Alamofire in Frameworks */ = {isa = PBXBuildFile; productRef = DBCBA9892BBFF176006B40CA /* Alamofire */; };
		DBCBA98C2BC000A0006B40CA /* iTunesSearchManager.swift in Sources */ = {isa = PBXBuildFile; fileRef = DBCBA98B2BC000A0006B40CA /* iTunesSearchManager.swift */; };
		DBCBA98E2BC0016B006B40CA /* iTunesSearchModel.swift in Sources */ = {isa = PBXBuildFile; fileRef = DBCBA98D2BC0016B006B40CA /* iTunesSearchModel.swift */; };
/* End PBXBuildFile section */

/* Begin PBXFileReference section */
		DBCBA9542BBFEDB1006B40CA /* iTunesSearch.app */ = {isa = PBXFileReference; explicitFileType = wrapper.application; includeInIndex = 0; path = iTunesSearch.app; sourceTree = BUILT_PRODUCTS_DIR; };
		DBCBA9572BBFEDB1006B40CA /* AppDelegate.swift */ = {isa = PBXFileReference; lastKnownFileType = sourcecode.swift; path = AppDelegate.swift; sourceTree = "<group>"; };
		DBCBA9592BBFEDB1006B40CA /* SceneDelegate.swift */ = {isa = PBXFileReference; lastKnownFileType = sourcecode.swift; path = SceneDelegate.swift; sourceTree = "<group>"; };
		DBCBA95B2BBFEDB1006B40CA /* ViewController.swift */ = {isa = PBXFileReference; lastKnownFileType = sourcecode.swift; path = ViewController.swift; sourceTree = "<group>"; };
		DBCBA9602BBFEDB2006B40CA /* Assets.xcassets */ = {isa = PBXFileReference; lastKnownFileType = folder.assetcatalog; path = Assets.xcassets; sourceTree = "<group>"; };
		DBCBA9632BBFEDB2006B40CA /* Base */ = {isa = PBXFileReference; lastKnownFileType = file.storyboard; name = Base; path = Base.lproj/LaunchScreen.storyboard; sourceTree = "<group>"; };
		DBCBA9652BBFEDB2006B40CA /* Info.plist */ = {isa = PBXFileReference; lastKnownFileType = text.plist.xml; path = Info.plist; sourceTree = "<group>"; };
		DBCBA9742BBFEE4B006B40CA /* iTunesSearchRouter.swift */ = {isa = PBXFileReference; lastKnownFileType = sourcecode.swift; path = iTunesSearchRouter.swift; sourceTree = "<group>"; };
		DBCBA9762BBFEE69006B40CA /* .gitignore */ = {isa = PBXFileReference; fileEncoding = 4; lastKnownFileType = text; path = .gitignore; sourceTree = "<group>"; };
		DBCBA98B2BC000A0006B40CA /* iTunesSearchManager.swift */ = {isa = PBXFileReference; lastKnownFileType = sourcecode.swift; path = iTunesSearchManager.swift; sourceTree = "<group>"; };
		DBCBA98D2BC0016B006B40CA /* iTunesSearchModel.swift */ = {isa = PBXFileReference; lastKnownFileType = sourcecode.swift; path = iTunesSearchModel.swift; sourceTree = "<group>"; };
/* End PBXFileReference section */

/* Begin PBXFrameworksBuildPhase section */
		DBCBA9512BBFEDB1006B40CA /* Frameworks */ = {
			isa = PBXFrameworksBuildPhase;
			buildActionMask = 2147483647;
			files = (
				DBCBA9872BBFEF42006B40CA /* RxSwift in Frameworks */,
				DBCBA98A2BBFF176006B40CA /* Alamofire in Frameworks */,
				DBCBA9822BBFEF2D006B40CA /* RealmSwift in Frameworks */,
				DBCBA9802BBFEF2D006B40CA /* Realm in Frameworks */,
				DBCBA9852BBFEF42006B40CA /* RxCocoa in Frameworks */,
				DBCBA97A2BBFEEDA006B40CA /* SnapKit in Frameworks */,
				DBCBA97D2BBFEEEB006B40CA /* Then in Frameworks */,
			);
			runOnlyForDeploymentPostprocessing = 0;
		};
/* End PBXFrameworksBuildPhase section */

/* Begin PBXGroup section */
		DBCBA94B2BBFEDB1006B40CA = {
			isa = PBXGroup;
			children = (
				DBCBA9762BBFEE69006B40CA /* .gitignore */,
				DBCBA9562BBFEDB1006B40CA /* iTunesSearch */,
				DBCBA9552BBFEDB1006B40CA /* Products */,
			);
			sourceTree = "<group>";
		};
		DBCBA9552BBFEDB1006B40CA /* Products */ = {
			isa = PBXGroup;
			children = (
				DBCBA9542BBFEDB1006B40CA /* iTunesSearch.app */,
			);
			name = Products;
			sourceTree = "<group>";
		};
		DBCBA9562BBFEDB1006B40CA /* iTunesSearch */ = {
			isa = PBXGroup;
			children = (
				DBCBA96B2BBFEDDD006B40CA /* Presentation */,
				DBCBA96E2BBFEDFC006B40CA /* Utility */,
				DBCBA9572BBFEDB1006B40CA /* AppDelegate.swift */,
				DBCBA9592BBFEDB1006B40CA /* SceneDelegate.swift */,
				DBCBA95B2BBFEDB1006B40CA /* ViewController.swift */,
				DBCBA9602BBFEDB2006B40CA /* Assets.xcassets */,
				DBCBA9622BBFEDB2006B40CA /* LaunchScreen.storyboard */,
				DBCBA9652BBFEDB2006B40CA /* Info.plist */,
			);
			path = iTunesSearch;
			sourceTree = "<group>";
		};
		DBCBA96B2BBFEDDD006B40CA /* Presentation */ = {
			isa = PBXGroup;
			children = (
				DBCBA9712BBFEE11006B40CA /* Model */,
				DBCBA9702BBFEE0A006B40CA /* ViewModel */,
				DBCBA96F2BBFEE06006B40CA /* View */,
			);
			path = Presentation;
			sourceTree = "<group>";
		};
		DBCBA96E2BBFEDFC006B40CA /* Utility */ = {
			isa = PBXGroup;
			children = (
				DBCBA9732BBFEE21006B40CA /* RealmManager */,
				DBCBA9722BBFEE17006B40CA /* NetworkManager */,
			);
			path = Utility;
			sourceTree = "<group>";
		};
		DBCBA96F2BBFEE06006B40CA /* View */ = {
			isa = PBXGroup;
			children = (
			);
			path = View;
			sourceTree = "<group>";
		};
		DBCBA9702BBFEE0A006B40CA /* ViewModel */ = {
			isa = PBXGroup;
			children = (
			);
			path = ViewModel;
			sourceTree = "<group>";
		};
		DBCBA9712BBFEE11006B40CA /* Model */ = {
			isa = PBXGroup;
			children = (
				DBCBA98D2BC0016B006B40CA /* iTunesSearchModel.swift */,
			);
			path = Model;
			sourceTree = "<group>";
		};
		DBCBA9722BBFEE17006B40CA /* NetworkManager */ = {
			isa = PBXGroup;
			children = (
				DBCBA9742BBFEE4B006B40CA /* iTunesSearchRouter.swift */,
				DBCBA98B2BC000A0006B40CA /* iTunesSearchManager.swift */,
			);
			path = NetworkManager;
			sourceTree = "<group>";
		};
		DBCBA9732BBFEE21006B40CA /* RealmManager */ = {
			isa = PBXGroup;
			children = (
			);
			path = RealmManager;
			sourceTree = "<group>";
		};
/* End PBXGroup section */

/* Begin PBXNativeTarget section */
		DBCBA9532BBFEDB1006B40CA /* iTunesSearch */ = {
			isa = PBXNativeTarget;
			buildConfigurationList = DBCBA9682BBFEDB2006B40CA /* Build configuration list for PBXNativeTarget "iTunesSearch" */;
			buildPhases = (
				DBCBA9502BBFEDB1006B40CA /* Sources */,
				DBCBA9512BBFEDB1006B40CA /* Frameworks */,
				DBCBA9522BBFEDB1006B40CA /* Resources */,
			);
			buildRules = (
			);
			dependencies = (
			);
			name = iTunesSearch;
			packageProductDependencies = (
				DBCBA9792BBFEEDA006B40CA /* SnapKit */,
				DBCBA97C2BBFEEEB006B40CA /* Then */,
				DBCBA97F2BBFEF2D006B40CA /* Realm */,
				DBCBA9812BBFEF2D006B40CA /* RealmSwift */,
				DBCBA9842BBFEF42006B40CA /* RxCocoa */,
				DBCBA9862BBFEF42006B40CA /* RxSwift */,
				DBCBA9892BBFF176006B40CA /* Alamofire */,
			);
			productName = iTunesSearch;
			productReference = DBCBA9542BBFEDB1006B40CA /* iTunesSearch.app */;
			productType = "com.apple.product-type.application";
		};
/* End PBXNativeTarget section */

/* Begin PBXProject section */
		DBCBA94C2BBFEDB1006B40CA /* Project object */ = {
			isa = PBXProject;
			attributes = {
				BuildIndependentTargetsInParallel = 1;
				LastSwiftUpdateCheck = 1530;
				LastUpgradeCheck = 1530;
				TargetAttributes = {
					DBCBA9532BBFEDB1006B40CA = {
						CreatedOnToolsVersion = 15.3;
					};
				};
			};
			buildConfigurationList = DBCBA94F2BBFEDB1006B40CA /* Build configuration list for PBXProject "iTunesSearch" */;
			compatibilityVersion = "Xcode 14.0";
			developmentRegion = en;
			hasScannedForEncodings = 0;
			knownRegions = (
				en,
				Base,
			);
			mainGroup = DBCBA94B2BBFEDB1006B40CA;
			packageReferences = (
				DBCBA9782BBFEEDA006B40CA /* XCRemoteSwiftPackageReference "SnapKit" */,
				DBCBA97B2BBFEEEB006B40CA /* XCRemoteSwiftPackageReference "Then" */,
				DBCBA97E2BBFEF2D006B40CA /* XCRemoteSwiftPackageReference "realm-swift" */,
				DBCBA9832BBFEF42006B40CA /* XCRemoteSwiftPackageReference "RxSwift" */,
				DBCBA9882BBFF176006B40CA /* XCRemoteSwiftPackageReference "Alamofire" */,
			);
			productRefGroup = DBCBA9552BBFEDB1006B40CA /* Products */;
			projectDirPath = "";
			projectRoot = "";
			targets = (
				DBCBA9532BBFEDB1006B40CA /* iTunesSearch */,
			);
		};
/* End PBXProject section */

/* Begin PBXResourcesBuildPhase section */
		DBCBA9522BBFEDB1006B40CA /* Resources */ = {
			isa = PBXResourcesBuildPhase;
			buildActionMask = 2147483647;
			files = (
				DBCBA9772BBFEE69006B40CA /* .gitignore in Resources */,
				DBCBA9612BBFEDB2006B40CA /* Assets.xcassets in Resources */,
				DBCBA9642BBFEDB2006B40CA /* Base in Resources */,
			);
			runOnlyForDeploymentPostprocessing = 0;
		};
/* End PBXResourcesBuildPhase section */

/* Begin PBXSourcesBuildPhase section */
		DBCBA9502BBFEDB1006B40CA /* Sources */ = {
			isa = PBXSourcesBuildPhase;
			buildActionMask = 2147483647;
			files = (
				DBCBA9752BBFEE4B006B40CA /* iTunesSearchRouter.swift in Sources */,
				DBCBA98E2BC0016B006B40CA /* iTunesSearchModel.swift in Sources */,
				DBCBA95C2BBFEDB1006B40CA /* ViewController.swift in Sources */,
				DBCBA9582BBFEDB1006B40CA /* AppDelegate.swift in Sources */,
				DBCBA95A2BBFEDB1006B40CA /* SceneDelegate.swift in Sources */,
				DBCBA98C2BC000A0006B40CA /* iTunesSearchManager.swift in Sources */,
			);
			runOnlyForDeploymentPostprocessing = 0;
		};
/* End PBXSourcesBuildPhase section */

/* Begin PBXVariantGroup section */
		DBCBA9622BBFEDB2006B40CA /* LaunchScreen.storyboard */ = {
			isa = PBXVariantGroup;
			children = (
				DBCBA9632BBFEDB2006B40CA /* Base */,
			);
			name = LaunchScreen.storyboard;
			sourceTree = "<group>";
		};
/* End PBXVariantGroup section */

/* Begin XCBuildConfiguration section */
		DBCBA9662BBFEDB2006B40CA /* Debug */ = {
			isa = XCBuildConfiguration;
			buildSettings = {
				ALWAYS_SEARCH_USER_PATHS = NO;
				ASSETCATALOG_COMPILER_GENERATE_SWIFT_ASSET_SYMBOL_EXTENSIONS = YES;
				CLANG_ANALYZER_NONNULL = YES;
				CLANG_ANALYZER_NUMBER_OBJECT_CONVERSION = YES_AGGRESSIVE;
				CLANG_CXX_LANGUAGE_STANDARD = "gnu++20";
				CLANG_ENABLE_MODULES = YES;
				CLANG_ENABLE_OBJC_ARC = YES;
				CLANG_ENABLE_OBJC_WEAK = YES;
				CLANG_WARN_BLOCK_CAPTURE_AUTORELEASING = YES;
				CLANG_WARN_BOOL_CONVERSION = YES;
				CLANG_WARN_COMMA = YES;
				CLANG_WARN_CONSTANT_CONVERSION = YES;
				CLANG_WARN_DEPRECATED_OBJC_IMPLEMENTATIONS = YES;
				CLANG_WARN_DIRECT_OBJC_ISA_USAGE = YES_ERROR;
				CLANG_WARN_DOCUMENTATION_COMMENTS = YES;
				CLANG_WARN_EMPTY_BODY = YES;
				CLANG_WARN_ENUM_CONVERSION = YES;
				CLANG_WARN_INFINITE_RECURSION = YES;
				CLANG_WARN_INT_CONVERSION = YES;
				CLANG_WARN_NON_LITERAL_NULL_CONVERSION = YES;
				CLANG_WARN_OBJC_IMPLICIT_RETAIN_SELF = YES;
				CLANG_WARN_OBJC_LITERAL_CONVERSION = YES;
				CLANG_WARN_OBJC_ROOT_CLASS = YES_ERROR;
				CLANG_WARN_QUOTED_INCLUDE_IN_FRAMEWORK_HEADER = YES;
				CLANG_WARN_RANGE_LOOP_ANALYSIS = YES;
				CLANG_WARN_STRICT_PROTOTYPES = YES;
				CLANG_WARN_SUSPICIOUS_MOVE = YES;
				CLANG_WARN_UNGUARDED_AVAILABILITY = YES_AGGRESSIVE;
				CLANG_WARN_UNREACHABLE_CODE = YES;
				CLANG_WARN__DUPLICATE_METHOD_MATCH = YES;
				COPY_PHASE_STRIP = NO;
				DEBUG_INFORMATION_FORMAT = dwarf;
				ENABLE_STRICT_OBJC_MSGSEND = YES;
				ENABLE_TESTABILITY = YES;
				ENABLE_USER_SCRIPT_SANDBOXING = YES;
				GCC_C_LANGUAGE_STANDARD = gnu17;
				GCC_DYNAMIC_NO_PIC = NO;
				GCC_NO_COMMON_BLOCKS = YES;
				GCC_OPTIMIZATION_LEVEL = 0;
				GCC_PREPROCESSOR_DEFINITIONS = (
					"DEBUG=1",
					"$(inherited)",
				);
				GCC_WARN_64_TO_32_BIT_CONVERSION = YES;
				GCC_WARN_ABOUT_RETURN_TYPE = YES_ERROR;
				GCC_WARN_UNDECLARED_SELECTOR = YES;
				GCC_WARN_UNINITIALIZED_AUTOS = YES_AGGRESSIVE;
				GCC_WARN_UNUSED_FUNCTION = YES;
				GCC_WARN_UNUSED_VARIABLE = YES;
				IPHONEOS_DEPLOYMENT_TARGET = 17.4;
				LOCALIZATION_PREFERS_STRING_CATALOGS = YES;
				MTL_ENABLE_DEBUG_INFO = INCLUDE_SOURCE;
				MTL_FAST_MATH = YES;
				ONLY_ACTIVE_ARCH = YES;
				SDKROOT = iphoneos;
				SWIFT_ACTIVE_COMPILATION_CONDITIONS = "DEBUG $(inherited)";
				SWIFT_OPTIMIZATION_LEVEL = "-Onone";
			};
			name = Debug;
		};
		DBCBA9672BBFEDB2006B40CA /* Release */ = {
			isa = XCBuildConfiguration;
			buildSettings = {
				ALWAYS_SEARCH_USER_PATHS = NO;
				ASSETCATALOG_COMPILER_GENERATE_SWIFT_ASSET_SYMBOL_EXTENSIONS = YES;
				CLANG_ANALYZER_NONNULL = YES;
				CLANG_ANALYZER_NUMBER_OBJECT_CONVERSION = YES_AGGRESSIVE;
				CLANG_CXX_LANGUAGE_STANDARD = "gnu++20";
				CLANG_ENABLE_MODULES = YES;
				CLANG_ENABLE_OBJC_ARC = YES;
				CLANG_ENABLE_OBJC_WEAK = YES;
				CLANG_WARN_BLOCK_CAPTURE_AUTORELEASING = YES;
				CLANG_WARN_BOOL_CONVERSION = YES;
				CLANG_WARN_COMMA = YES;
				CLANG_WARN_CONSTANT_CONVERSION = YES;
				CLANG_WARN_DEPRECATED_OBJC_IMPLEMENTATIONS = YES;
				CLANG_WARN_DIRECT_OBJC_ISA_USAGE = YES_ERROR;
				CLANG_WARN_DOCUMENTATION_COMMENTS = YES;
				CLANG_WARN_EMPTY_BODY = YES;
				CLANG_WARN_ENUM_CONVERSION = YES;
				CLANG_WARN_INFINITE_RECURSION = YES;
				CLANG_WARN_INT_CONVERSION = YES;
				CLANG_WARN_NON_LITERAL_NULL_CONVERSION = YES;
				CLANG_WARN_OBJC_IMPLICIT_RETAIN_SELF = YES;
				CLANG_WARN_OBJC_LITERAL_CONVERSION = YES;
				CLANG_WARN_OBJC_ROOT_CLASS = YES_ERROR;
				CLANG_WARN_QUOTED_INCLUDE_IN_FRAMEWORK_HEADER = YES;
				CLANG_WARN_RANGE_LOOP_ANALYSIS = YES;
				CLANG_WARN_STRICT_PROTOTYPES = YES;
				CLANG_WARN_SUSPICIOUS_MOVE = YES;
				CLANG_WARN_UNGUARDED_AVAILABILITY = YES_AGGRESSIVE;
				CLANG_WARN_UNREACHABLE_CODE = YES;
				CLANG_WARN__DUPLICATE_METHOD_MATCH = YES;
				COPY_PHASE_STRIP = NO;
				DEBUG_INFORMATION_FORMAT = "dwarf-with-dsym";
				ENABLE_NS_ASSERTIONS = NO;
				ENABLE_STRICT_OBJC_MSGSEND = YES;
				ENABLE_USER_SCRIPT_SANDBOXING = YES;
				GCC_C_LANGUAGE_STANDARD = gnu17;
				GCC_NO_COMMON_BLOCKS = YES;
				GCC_WARN_64_TO_32_BIT_CONVERSION = YES;
				GCC_WARN_ABOUT_RETURN_TYPE = YES_ERROR;
				GCC_WARN_UNDECLARED_SELECTOR = YES;
				GCC_WARN_UNINITIALIZED_AUTOS = YES_AGGRESSIVE;
				GCC_WARN_UNUSED_FUNCTION = YES;
				GCC_WARN_UNUSED_VARIABLE = YES;
				IPHONEOS_DEPLOYMENT_TARGET = 17.4;
				LOCALIZATION_PREFERS_STRING_CATALOGS = YES;
				MTL_ENABLE_DEBUG_INFO = NO;
				MTL_FAST_MATH = YES;
				SDKROOT = iphoneos;
				SWIFT_COMPILATION_MODE = wholemodule;
				VALIDATE_PRODUCT = YES;
			};
			name = Release;
		};
		DBCBA9692BBFEDB2006B40CA /* Debug */ = {
			isa = XCBuildConfiguration;
			buildSettings = {
				ASSETCATALOG_COMPILER_APPICON_NAME = AppIcon;
				ASSETCATALOG_COMPILER_GLOBAL_ACCENT_COLOR_NAME = AccentColor;
				CODE_SIGN_STYLE = Automatic;
				CURRENT_PROJECT_VERSION = 1;
				DEVELOPMENT_TEAM = SUZFV58S8B;
				GENERATE_INFOPLIST_FILE = YES;
				INFOPLIST_FILE = iTunesSearch/Info.plist;
				INFOPLIST_KEY_UIApplicationSupportsIndirectInputEvents = YES;
				INFOPLIST_KEY_UILaunchStoryboardName = LaunchScreen;
				INFOPLIST_KEY_UIMainStoryboardFile = "";
				INFOPLIST_KEY_UISupportedInterfaceOrientations_iPad = "UIInterfaceOrientationPortrait UIInterfaceOrientationPortraitUpsideDown UIInterfaceOrientationLandscapeLeft UIInterfaceOrientationLandscapeRight";
				INFOPLIST_KEY_UISupportedInterfaceOrientations_iPhone = "UIInterfaceOrientationPortrait UIInterfaceOrientationLandscapeLeft UIInterfaceOrientationLandscapeRight";
				LD_RUNPATH_SEARCH_PATHS = (
					"$(inherited)",
					"@executable_path/Frameworks",
				);
				MARKETING_VERSION = 1.0;
				PRODUCT_BUNDLE_IDENTIFIER = com.jinoo.iTunesSearch;
				PRODUCT_NAME = "$(TARGET_NAME)";
				SUPPORTED_PLATFORMS = "iphoneos iphonesimulator";
				SUPPORTS_MACCATALYST = NO;
				SUPPORTS_MAC_DESIGNED_FOR_IPHONE_IPAD = NO;
				SUPPORTS_XR_DESIGNED_FOR_IPHONE_IPAD = NO;
				SWIFT_EMIT_LOC_STRINGS = YES;
				SWIFT_VERSION = 5.0;
				TARGETED_DEVICE_FAMILY = 1;
			};
			name = Debug;
		};
		DBCBA96A2BBFEDB2006B40CA /* Release */ = {
			isa = XCBuildConfiguration;
			buildSettings = {
				ASSETCATALOG_COMPILER_APPICON_NAME = AppIcon;
				ASSETCATALOG_COMPILER_GLOBAL_ACCENT_COLOR_NAME = AccentColor;
				CODE_SIGN_STYLE = Automatic;
				CURRENT_PROJECT_VERSION = 1;
				DEVELOPMENT_TEAM = SUZFV58S8B;
				GENERATE_INFOPLIST_FILE = YES;
				INFOPLIST_FILE = iTunesSearch/Info.plist;
				INFOPLIST_KEY_UIApplicationSupportsIndirectInputEvents = YES;
				INFOPLIST_KEY_UILaunchStoryboardName = LaunchScreen;
				INFOPLIST_KEY_UIMainStoryboardFile = "";
				INFOPLIST_KEY_UISupportedInterfaceOrientations_iPad = "UIInterfaceOrientationPortrait UIInterfaceOrientationPortraitUpsideDown UIInterfaceOrientationLandscapeLeft UIInterfaceOrientationLandscapeRight";
				INFOPLIST_KEY_UISupportedInterfaceOrientations_iPhone = "UIInterfaceOrientationPortrait UIInterfaceOrientationLandscapeLeft UIInterfaceOrientationLandscapeRight";
				LD_RUNPATH_SEARCH_PATHS = (
					"$(inherited)",
					"@executable_path/Frameworks",
				);
				MARKETING_VERSION = 1.0;
				PRODUCT_BUNDLE_IDENTIFIER = com.jinoo.iTunesSearch;
				PRODUCT_NAME = "$(TARGET_NAME)";
				SUPPORTED_PLATFORMS = "iphoneos iphonesimulator";
				SUPPORTS_MACCATALYST = NO;
				SUPPORTS_MAC_DESIGNED_FOR_IPHONE_IPAD = NO;
				SUPPORTS_XR_DESIGNED_FOR_IPHONE_IPAD = NO;
				SWIFT_EMIT_LOC_STRINGS = YES;
				SWIFT_VERSION = 5.0;
				TARGETED_DEVICE_FAMILY = 1;
			};
			name = Release;
		};
/* End XCBuildConfiguration section */

/* Begin XCConfigurationList section */
		DBCBA94F2BBFEDB1006B40CA /* Build configuration list for PBXProject "iTunesSearch" */ = {
			isa = XCConfigurationList;
			buildConfigurations = (
				DBCBA9662BBFEDB2006B40CA /* Debug */,
				DBCBA9672BBFEDB2006B40CA /* Release */,
			);
			defaultConfigurationIsVisible = 0;
			defaultConfigurationName = Release;
		};
		DBCBA9682BBFEDB2006B40CA /* Build configuration list for PBXNativeTarget "iTunesSearch" */ = {
			isa = XCConfigurationList;
			buildConfigurations = (
				DBCBA9692BBFEDB2006B40CA /* Debug */,
				DBCBA96A2BBFEDB2006B40CA /* Release */,
			);
			defaultConfigurationIsVisible = 0;
			defaultConfigurationName = Release;
		};
/* End XCConfigurationList section */

/* Begin XCRemoteSwiftPackageReference section */
		DBCBA9782BBFEEDA006B40CA /* XCRemoteSwiftPackageReference "SnapKit" */ = {
			isa = XCRemoteSwiftPackageReference;
			repositoryURL = "https://github.com/SnapKit/SnapKit";
			requirement = {
				kind = upToNextMajorVersion;
				minimumVersion = 5.7.1;
			};
		};
		DBCBA97B2BBFEEEB006B40CA /* XCRemoteSwiftPackageReference "Then" */ = {
			isa = XCRemoteSwiftPackageReference;
			repositoryURL = "https://github.com/devxoul/Then";
			requirement = {
				kind = upToNextMajorVersion;
				minimumVersion = 3.0.0;
			};
		};
		DBCBA97E2BBFEF2D006B40CA /* XCRemoteSwiftPackageReference "realm-swift" */ = {
			isa = XCRemoteSwiftPackageReference;
			repositoryURL = "https://github.com/realm/realm-swift.git";
			requirement = {
				kind = exactVersion;
				version = 10.45.0;
			};
		};
		DBCBA9832BBFEF42006B40CA /* XCRemoteSwiftPackageReference "RxSwift" */ = {
			isa = XCRemoteSwiftPackageReference;
			repositoryURL = "https://github.com/ReactiveX/RxSwift";
			requirement = {
				kind = upToNextMajorVersion;
				minimumVersion = 6.6.0;
			};
		};
		DBCBA9882BBFF176006B40CA /* XCRemoteSwiftPackageReference "Alamofire" */ = {
			isa = XCRemoteSwiftPackageReference;
			repositoryURL = "https://github.com/Alamofire/Alamofire";
			requirement = {
				kind = upToNextMajorVersion;
				minimumVersion = 5.9.1;
			};
		};
/* End XCRemoteSwiftPackageReference section */

/* Begin XCSwiftPackageProductDependency section */
		DBCBA9792BBFEEDA006B40CA /* SnapKit */ = {
			isa = XCSwiftPackageProductDependency;
			package = DBCBA9782BBFEEDA006B40CA /* XCRemoteSwiftPackageReference "SnapKit" */;
			productName = SnapKit;
		};
		DBCBA97C2BBFEEEB006B40CA /* Then */ = {
			isa = XCSwiftPackageProductDependency;
			package = DBCBA97B2BBFEEEB006B40CA /* XCRemoteSwiftPackageReference "Then" */;
			productName = Then;
		};
		DBCBA97F2BBFEF2D006B40CA /* Realm */ = {
			isa = XCSwiftPackageProductDependency;
			package = DBCBA97E2BBFEF2D006B40CA /* XCRemoteSwiftPackageReference "realm-swift" */;
			productName = Realm;
		};
		DBCBA9812BBFEF2D006B40CA /* RealmSwift */ = {
			isa = XCSwiftPackageProductDependency;
			package = DBCBA97E2BBFEF2D006B40CA /* XCRemoteSwiftPackageReference "realm-swift" */;
			productName = RealmSwift;
		};
		DBCBA9842BBFEF42006B40CA /* RxCocoa */ = {
			isa = XCSwiftPackageProductDependency;
			package = DBCBA9832BBFEF42006B40CA /* XCRemoteSwiftPackageReference "RxSwift" */;
			productName = RxCocoa;
		};
		DBCBA9862BBFEF42006B40CA /* RxSwift */ = {
			isa = XCSwiftPackageProductDependency;
			package = DBCBA9832BBFEF42006B40CA /* XCRemoteSwiftPackageReference "RxSwift" */;
			productName = RxSwift;
		};
		DBCBA9892BBFF176006B40CA /* Alamofire */ = {
			isa = XCSwiftPackageProductDependency;
			package = DBCBA9882BBFF176006B40CA /* XCRemoteSwiftPackageReference "Alamofire" */;
			productName = Alamofire;
		};
/* End XCSwiftPackageProductDependency section */
	};
	rootObject = DBCBA94C2BBFEDB1006B40CA /* Project object */;
}
